
Microsoft Visual Studio Solution File, Format Version 12.00
# Visual Studio Version 17
VisualStudioVersion = 17.12.35527.113 d17.12
MinimumVisualStudioVersion = 10.0.40219.1
Project("{FAE04EC0-301F-11D3-BF4B-00C04F79EFBC}") = "MyAddIn", "AddIn\MyAddIn.csproj", "{EF386268-D5D3-4DBC-BAF2-FAFDF185AAFE}"
	ProjectSection(ProjectDependencies) = postProject
		{F0FD79D4-D8DF-4D6D-9B37-690970F264C2} = {F0FD79D4-D8DF-4D6D-9B37-690970F264C2}
	EndProjectSection
EndProject
Project("{FAE04EC0-301F-11D3-BF4B-00C04F79EFBC}") = "MyControls", "MyControls\MyControls.csproj", "{F0FD79D4-D8DF-4D6D-9B37-690970F264C2}"
EndProject
Global
	GlobalSection(SolutionConfigurationPlatforms) = preSolution
		Debug|Any CPU = Debug|Any CPU
		Release|Any CPU = Release|Any CPU
	EndGlobalSection
	GlobalSection(ProjectConfigurationPlatforms) = postSolution
		{EF386268-D5D3-4DBC-BAF2-FAFDF185AAFE}.Debug|Any CPU.ActiveCfg = Debug|Any CPU
		{EF386268-D5D3-4DBC-BAF2-FAFDF185AAFE}.Debug|Any CPU.Build.0 = Debug|Any CPU
		{EF386268-D5D3-4DBC-BAF2-FAFDF185AAFE}.Release|Any CPU.ActiveCfg = Release|Any CPU
		{EF386268-D5D3-4DBC-BAF2-FAFDF185AAFE}.Release|Any CPU.Build.0 = Release|Any CPU
		{F0FD79D4-D8DF-4D6D-9B37-690970F264C2}.Debug|Any CPU.ActiveCfg = Debug|Any CPU
		{F0FD79D4-D8DF-4D6D-9B37-690970F264C2}.Debug|Any CPU.Build.0 = Debug|Any CPU
		{F0FD79D4-D8DF-4D6D-9B37-690970F264C2}.Release|Any CPU.ActiveCfg = Release|Any CPU
		{F0FD79D4-D8DF-4D6D-9B37-690970F264C2}.Release|Any CPU.Build.0 = Release|Any CPU
	EndGlobalSection
	GlobalSection(SolutionProperties) = preSolution
		HideSolutionNode = FALSE
	EndGlobalSection
EndGlobal
